
Microsoft Visual Studio Solution File, Format Version 12.00
# Visual Studio Version 16
VisualStudioVersion = 16.0.29306.81
MinimumVisualStudioVersion = 10.0.40219.1
Project("{FAE04EC0-301F-11D3-BF4B-00C04F79EFBC}") = "CaroEvolution_NoButton", "CaroEvolution_NoButton.csproj", "{1209F494-861D-4E56-8F95-5EAC0E33E588}"
EndProject
Global
	GlobalSection(SolutionConfigurationPlatforms) = preSolution
		Debug|Any CPU = Debug|Any CPU
		Release|Any CPU = Release|Any CPU
	EndGlobalSection
	GlobalSection(ProjectConfigurationPlatforms) = postSolution
		{1209F494-861D-4E56-8F95-5EAC0E33E588}.Debug|Any CPU.ActiveCfg = Debug|Any CPU
		{1209F494-861D-4E56-8F95-5EAC0E33E588}.Debug|Any CPU.Build.0 = Debug|Any CPU
		{1209F494-861D-4E56-8F95-5EAC0E33E588}.Release|Any CPU.ActiveCfg = Release|Any CPU
		{1209F494-861D-4E56-8F95-5EAC0E33E588}.Release|Any CPU.Build.0 = Release|Any CPU
	EndGlobalSection
	GlobalSection(SolutionProperties) = preSolution
		HideSolutionNode = FALSE
	EndGlobalSection
	GlobalSection(ExtensibilityGlobals) = postSolution
		SolutionGuid = {FBC86F2A-B97D-460F-88DC-8AF079C53148}
	EndGlobalSection
EndGlobal
